
Microsoft Visual Studio Solution File, Format Version 12.00
# Visual Studio Version 17
VisualStudioVersion = 17.5.33530.505
MinimumVisualStudioVersion = 10.0.40219.1
Project("{9A19103F-16F7-4668-BE54-9A1E7A4F7556}") = "cl2j.Logging.TestApp", "cl2j.Logging.TestApp\cl2j.Logging.TestApp.csproj", "{F8D5391F-7C48-4823-BC22-ECCD9AB27D67}"
EndProject
Project("{9A19103F-16F7-4668-BE54-9A1E7A4F7556}") = "cl2j.Logging", "cl2j.Logging\cl2j.Logging.csproj", "{1A1D6A5C-B8A6-4835-B1E2-72EAE0FC5DC5}"
EndProject
Global
	GlobalSection(SolutionConfigurationPlatforms) = preSolution
		Debug|Any CPU = Debug|Any CPU
		Release|Any CPU = Release|Any CPU
	EndGlobalSection
	GlobalSection(ProjectConfigurationPlatforms) = postSolution
		{F8D5391F-7C48-4823-BC22-ECCD9AB27D67}.Debug|Any CPU.ActiveCfg = Debug|Any CPU
		{F8D5391F-7C48-4823-BC22-ECCD9AB27D67}.Debug|Any CPU.Build.0 = Debug|Any CPU
		{F8D5391F-7C48-4823-BC22-ECCD9AB27D67}.Release|Any CPU.ActiveCfg = Release|Any CPU
		{F8D5391F-7C48-4823-BC22-ECCD9AB27D67}.Release|Any CPU.Build.0 = Release|Any CPU
		{1A1D6A5C-B8A6-4835-B1E2-72EAE0FC5DC5}.Debug|Any CPU.ActiveCfg = Debug|Any CPU
		{1A1D6A5C-B8A6-4835-B1E2-72EAE0FC5DC5}.Debug|Any CPU.Build.0 = Debug|Any CPU
		{1A1D6A5C-B8A6-4835-B1E2-72EAE0FC5DC5}.Release|Any CPU.ActiveCfg = Release|Any CPU
		{1A1D6A5C-B8A6-4835-B1E2-72EAE0FC5DC5}.Release|Any CPU.Build.0 = Release|Any CPU
	EndGlobalSection
	GlobalSection(SolutionProperties) = preSolution
		HideSolutionNode = FALSE
	EndGlobalSection
	GlobalSection(ExtensibilityGlobals) = postSolution
		SolutionGuid = {D4B05574-BDBF-45D8-BF12-3B453B96D721}
	EndGlobalSection
EndGlobal
